
Microsoft Visual Studio Solution File, Format Version 12.00
# Visual Studio Version 17
VisualStudioVersion = 17.9.34701.34
MinimumVisualStudioVersion = 10.0.40219.1
Project("{FAE04EC0-301F-11D3-BF4B-00C04F79EFBC}") = "DemoMAUI", "DemoMAUI\DemoMAUI.csproj", "{1102E699-97B9-4A38-872F-4EB9D82ADD7E}"
EndProject
Global
	GlobalSection(SolutionConfigurationPlatforms) = preSolution
		Debug|Any CPU = Debug|Any CPU
		Release|Any CPU = Release|Any CPU
	EndGlobalSection
	GlobalSection(ProjectConfigurationPlatforms) = postSolution
		{1102E699-97B9-4A38-872F-4EB9D82ADD7E}.Debug|Any CPU.ActiveCfg = Debug|Any CPU
		{1102E699-97B9-4A38-872F-4EB9D82ADD7E}.Debug|Any CPU.Build.0 = Debug|Any CPU
		{1102E699-97B9-4A38-872F-4EB9D82ADD7E}.Debug|Any CPU.Deploy.0 = Debug|Any CPU
		{1102E699-97B9-4A38-872F-4EB9D82ADD7E}.Release|Any CPU.ActiveCfg = Release|Any CPU
		{1102E699-97B9-4A38-872F-4EB9D82ADD7E}.Release|Any CPU.Build.0 = Release|Any CPU
		{1102E699-97B9-4A38-872F-4EB9D82ADD7E}.Release|Any CPU.Deploy.0 = Release|Any CPU
	EndGlobalSection
	GlobalSection(SolutionProperties) = preSolution
		HideSolutionNode = FALSE
	EndGlobalSection
	GlobalSection(ExtensibilityGlobals) = postSolution
		SolutionGuid = {E14F53D9-4AA4-4FAA-A976-A33D03C180E1}
	EndGlobalSection
EndGlobal
